
Microsoft Visual Studio Solution File, Format Version 12.00
# Visual Studio 15
VisualStudioVersion = 15.0.26430.16
MinimumVisualStudioVersion = 10.0.40219.1
Project("{F184B08F-C81C-45F6-A57F-5ABD9991F28F}") = "RomanaMorande", "RomanaMorande\RomanaMorande.vbproj", "{315070DE-70A2-4EAB-9107-C189F536BD4D}"
EndProject
Global
	GlobalSection(SolutionConfigurationPlatforms) = preSolution
		Debug|Any CPU = Debug|Any CPU
		Release|Any CPU = Release|Any CPU
	EndGlobalSection
	GlobalSection(ProjectConfigurationPlatforms) = postSolution
		{315070DE-70A2-4EAB-9107-C189F536BD4D}.Debug|Any CPU.ActiveCfg = Debug|Any CPU
		{315070DE-70A2-4EAB-9107-C189F536BD4D}.Debug|Any CPU.Build.0 = Debug|Any CPU
		{315070DE-70A2-4EAB-9107-C189F536BD4D}.Release|Any CPU.ActiveCfg = Release|Any CPU
		{315070DE-70A2-4EAB-9107-C189F536BD4D}.Release|Any CPU.Build.0 = Release|Any CPU
	EndGlobalSection
	GlobalSection(SolutionProperties) = preSolution
		HideSolutionNode = FALSE
	EndGlobalSection
EndGlobal
